{
  "object": {
    "pins": [
      {
        "package": "Sentry",
        "repositoryURL": "https://github.com/getsentry/sentry-cocoa.git",
        "state": {
          "branch": null,
          "revision": "42513a14a68f1ddefd28e244ff967311983c2aea",
          "version": "6.2.0"
        }
      },
      {
        "package": "SwiftSoup",
        "repositoryURL": "https://github.com/scinfu/SwiftSoup.git",
        "state": {
          "branch": null,
          "revision": "774dc9c7213085db8aa59595e27c1cd22e428904",
          "version": "2.3.2"
        }
      }
    ]
  },
  "version": 1
}
